
Microsoft Visual Studio Solution File, Format Version 12.00
# Visual Studio Version 16
VisualStudioVersion = 16.0.31410.357
MinimumVisualStudioVersion = 10.0.40219.1
Project("{9A19103F-16F7-4668-BE54-9A1E7A4F7556}") = "DreamTeam", "DreamTeam\DreamTeam.csproj", "{9D6D0DB7-051D-4877-AA31-92DC906122B9}"
EndProject
Project("{FAE04EC0-301F-11D3-BF4B-00C04F79EFBC}") = "DreamTeam.Models", "DreamTeam.Models\DreamTeam.Models.csproj", "{315F3795-EFCC-4137-B204-BAA4D9B0C3EA}"
EndProject
Project("{FAE04EC0-301F-11D3-BF4B-00C04F79EFBC}") = "DreamTeam.Tests", "DreamTeam.Tests\DreamTeam.Tests.csproj", "{8FF98B08-2434-48C0-BED4-277D7166599C}"
EndProject
Project("{FAE04EC0-301F-11D3-BF4B-00C04F79EFBC}") = "DreamTeam.UserControls", "DreamTeam.UserControls\DreamTeam.UserControls.csproj", "{9C2007FD-324E-4D29-91A0-0534708BF699}"
EndProject
Global
	GlobalSection(SolutionConfigurationPlatforms) = preSolution
		Debug|Any CPU = Debug|Any CPU
		Release|Any CPU = Release|Any CPU
	EndGlobalSection
	GlobalSection(ProjectConfigurationPlatforms) = postSolution
		{9D6D0DB7-051D-4877-AA31-92DC906122B9}.Debug|Any CPU.ActiveCfg = Debug|Any CPU
		{9D6D0DB7-051D-4877-AA31-92DC906122B9}.Debug|Any CPU.Build.0 = Debug|Any CPU
		{9D6D0DB7-051D-4877-AA31-92DC906122B9}.Release|Any CPU.ActiveCfg = Release|Any CPU
		{9D6D0DB7-051D-4877-AA31-92DC906122B9}.Release|Any CPU.Build.0 = Release|Any CPU
		{315F3795-EFCC-4137-B204-BAA4D9B0C3EA}.Debug|Any CPU.ActiveCfg = Debug|Any CPU
		{315F3795-EFCC-4137-B204-BAA4D9B0C3EA}.Debug|Any CPU.Build.0 = Debug|Any CPU
		{315F3795-EFCC-4137-B204-BAA4D9B0C3EA}.Release|Any CPU.ActiveCfg = Release|Any CPU
		{315F3795-EFCC-4137-B204-BAA4D9B0C3EA}.Release|Any CPU.Build.0 = Release|Any CPU
		{8FF98B08-2434-48C0-BED4-277D7166599C}.Debug|Any CPU.ActiveCfg = Debug|Any CPU
		{8FF98B08-2434-48C0-BED4-277D7166599C}.Debug|Any CPU.Build.0 = Debug|Any CPU
		{8FF98B08-2434-48C0-BED4-277D7166599C}.Release|Any CPU.ActiveCfg = Release|Any CPU
		{8FF98B08-2434-48C0-BED4-277D7166599C}.Release|Any CPU.Build.0 = Release|Any CPU
		{9C2007FD-324E-4D29-91A0-0534708BF699}.Debug|Any CPU.ActiveCfg = Debug|Any CPU
		{9C2007FD-324E-4D29-91A0-0534708BF699}.Debug|Any CPU.Build.0 = Debug|Any CPU
		{9C2007FD-324E-4D29-91A0-0534708BF699}.Release|Any CPU.ActiveCfg = Release|Any CPU
		{9C2007FD-324E-4D29-91A0-0534708BF699}.Release|Any CPU.Build.0 = Release|Any CPU
	EndGlobalSection
	GlobalSection(SolutionProperties) = preSolution
		HideSolutionNode = FALSE
	EndGlobalSection
	GlobalSection(ExtensibilityGlobals) = postSolution
		SolutionGuid = {4172DA0D-CF32-4DF8-A11A-2B69B6D049B6}
	EndGlobalSection
EndGlobal
