
Microsoft Visual Studio Solution File, Format Version 12.00
# Visual Studio Version 16
VisualStudioVersion = 16.0.31410.357
MinimumVisualStudioVersion = 10.0.40219.1
Project("{9A19103F-16F7-4668-BE54-9A1E7A4F7556}") = "DreamTeam", "DreamTeam\DreamTeam.csproj", "{9D6D0DB7-051D-4877-AA31-92DC906122B9}"
EndProject
Project("{9A19103F-16F7-4668-BE54-9A1E7A4F7556}") = "DreamTeam.Models", "DreamTeam.Models\DreamTeam.Models.csproj", "{315F3795-EFCC-4137-B204-BAA4D9B0C3EA}"
EndProject
Project("{9A19103F-16F7-4668-BE54-9A1E7A4F7556}") = "DreamTeam.Tests", "DreamTeam.Tests\DreamTeam.Tests.csproj", "{8FF98B08-2434-48C0-BED4-277D7166599C}"
EndProject
Project("{9A19103F-16F7-4668-BE54-9A1E7A4F7556}") = "DreamTeam.UserControls", "DreamTeam.UserControls\DreamTeam.UserControls.csproj", "{9C2007FD-324E-4D29-91A0-0534708BF699}"
EndProject
Project("{9A19103F-16F7-4668-BE54-9A1E7A4F7556}") = "DreamTeam.Processes", "DreamTeam.Processes\DreamTeam.Processes.csproj", "{577A65C7-C12D-4E36-B3B6-3C9FB2ADA113}"
EndProject
Project("{9A19103F-16F7-4668-BE54-9A1E7A4F7556}") = "DreamTeam.Utils", "DreamTeam.Utils\DreamTeam.Utils.csproj", "{CE3AD984-AB7F-4522-8AA4-17A9E4C28697}"
EndProject
Project("{2150E333-8FDC-42A3-9474-1A3956D46DE8}") = "Lib", "Lib", "{38C4AA85-E253-49A4-B0AE-FA7D16752994}"
EndProject
Project("{9A19103F-16F7-4668-BE54-9A1E7A4F7556}") = "Kalavarda.Primitives", "..\..\Kalavarda\Primitives\Kalavarda.Primitives\Kalavarda.Primitives.csproj", "{C4436ACA-8F06-46D4-B2D1-0C297C08E726}"
EndProject
Project("{9A19103F-16F7-4668-BE54-9A1E7A4F7556}") = "Kalavarda.Primitives.WPF", "..\..\Kalavarda\Primitives\Kalavarda.Primitives.WPF\Kalavarda.Primitives.WPF.csproj", "{AC0E24F3-F537-45FE-900C-C106431493B1}"
EndProject
Global
	GlobalSection(SolutionConfigurationPlatforms) = preSolution
		Debug|Any CPU = Debug|Any CPU
		Release|Any CPU = Release|Any CPU
	EndGlobalSection
	GlobalSection(ProjectConfigurationPlatforms) = postSolution
		{9D6D0DB7-051D-4877-AA31-92DC906122B9}.Debug|Any CPU.ActiveCfg = Debug|Any CPU
		{9D6D0DB7-051D-4877-AA31-92DC906122B9}.Debug|Any CPU.Build.0 = Debug|Any CPU
		{9D6D0DB7-051D-4877-AA31-92DC906122B9}.Release|Any CPU.ActiveCfg = Release|Any CPU
		{9D6D0DB7-051D-4877-AA31-92DC906122B9}.Release|Any CPU.Build.0 = Release|Any CPU
		{315F3795-EFCC-4137-B204-BAA4D9B0C3EA}.Debug|Any CPU.ActiveCfg = Debug|Any CPU
		{315F3795-EFCC-4137-B204-BAA4D9B0C3EA}.Debug|Any CPU.Build.0 = Debug|Any CPU
		{315F3795-EFCC-4137-B204-BAA4D9B0C3EA}.Release|Any CPU.ActiveCfg = Release|Any CPU
		{315F3795-EFCC-4137-B204-BAA4D9B0C3EA}.Release|Any CPU.Build.0 = Release|Any CPU
		{8FF98B08-2434-48C0-BED4-277D7166599C}.Debug|Any CPU.ActiveCfg = Debug|Any CPU
		{8FF98B08-2434-48C0-BED4-277D7166599C}.Debug|Any CPU.Build.0 = Debug|Any CPU
		{8FF98B08-2434-48C0-BED4-277D7166599C}.Release|Any CPU.ActiveCfg = Release|Any CPU
		{8FF98B08-2434-48C0-BED4-277D7166599C}.Release|Any CPU.Build.0 = Release|Any CPU
		{9C2007FD-324E-4D29-91A0-0534708BF699}.Debug|Any CPU.ActiveCfg = Debug|Any CPU
		{9C2007FD-324E-4D29-91A0-0534708BF699}.Debug|Any CPU.Build.0 = Debug|Any CPU
		{9C2007FD-324E-4D29-91A0-0534708BF699}.Release|Any CPU.ActiveCfg = Release|Any CPU
		{9C2007FD-324E-4D29-91A0-0534708BF699}.Release|Any CPU.Build.0 = Release|Any CPU
		{577A65C7-C12D-4E36-B3B6-3C9FB2ADA113}.Debug|Any CPU.ActiveCfg = Debug|Any CPU
		{577A65C7-C12D-4E36-B3B6-3C9FB2ADA113}.Debug|Any CPU.Build.0 = Debug|Any CPU
		{577A65C7-C12D-4E36-B3B6-3C9FB2ADA113}.Release|Any CPU.ActiveCfg = Release|Any CPU
		{577A65C7-C12D-4E36-B3B6-3C9FB2ADA113}.Release|Any CPU.Build.0 = Release|Any CPU
		{CE3AD984-AB7F-4522-8AA4-17A9E4C28697}.Debug|Any CPU.ActiveCfg = Debug|Any CPU
		{CE3AD984-AB7F-4522-8AA4-17A9E4C28697}.Debug|Any CPU.Build.0 = Debug|Any CPU
		{CE3AD984-AB7F-4522-8AA4-17A9E4C28697}.Release|Any CPU.ActiveCfg = Release|Any CPU
		{CE3AD984-AB7F-4522-8AA4-17A9E4C28697}.Release|Any CPU.Build.0 = Release|Any CPU
		{C4436ACA-8F06-46D4-B2D1-0C297C08E726}.Debug|Any CPU.ActiveCfg = Debug|Any CPU
		{C4436ACA-8F06-46D4-B2D1-0C297C08E726}.Debug|Any CPU.Build.0 = Debug|Any CPU
		{C4436ACA-8F06-46D4-B2D1-0C297C08E726}.Release|Any CPU.ActiveCfg = Release|Any CPU
		{C4436ACA-8F06-46D4-B2D1-0C297C08E726}.Release|Any CPU.Build.0 = Release|Any CPU
		{AC0E24F3-F537-45FE-900C-C106431493B1}.Debug|Any CPU.ActiveCfg = Debug|Any CPU
		{AC0E24F3-F537-45FE-900C-C106431493B1}.Debug|Any CPU.Build.0 = Debug|Any CPU
		{AC0E24F3-F537-45FE-900C-C106431493B1}.Release|Any CPU.ActiveCfg = Release|Any CPU
		{AC0E24F3-F537-45FE-900C-C106431493B1}.Release|Any CPU.Build.0 = Release|Any CPU
	EndGlobalSection
	GlobalSection(SolutionProperties) = preSolution
		HideSolutionNode = FALSE
	EndGlobalSection
	GlobalSection(NestedProjects) = preSolution
		{C4436ACA-8F06-46D4-B2D1-0C297C08E726} = {38C4AA85-E253-49A4-B0AE-FA7D16752994}
		{AC0E24F3-F537-45FE-900C-C106431493B1} = {38C4AA85-E253-49A4-B0AE-FA7D16752994}
	EndGlobalSection
	GlobalSection(ExtensibilityGlobals) = postSolution
		SolutionGuid = {4172DA0D-CF32-4DF8-A11A-2B69B6D049B6}
	EndGlobalSection
EndGlobal
